// !$*UTF8*$!
{
	archiveVersion = 1;
	classes = {
	};
	objectVersion = 46;
	objects = {

/* Begin PBXBuildFile section */
		99AC12A61C300B4C0079CE4C /* main.m in Sources */ = {isa = PBXBuildFile; fileRef = 99AC12A51C300B4C0079CE4C /* main.m */; };
		99AC12A91C300B4C0079CE4C /* AppDelegate.m in Sources */ = {isa = PBXBuildFile; fileRef = 99AC12A81C300B4C0079CE4C /* AppDelegate.m */; };
		99AC12AC1C300B4C0079CE4C /* ViewController.m in Sources */ = {isa = PBXBuildFile; fileRef = 99AC12AB1C300B4C0079CE4C /* ViewController.m */; };
		99AC12AF1C300B4C0079CE4C /* Main.storyboard in Resources */ = {isa = PBXBuildFile; fileRef = 99AC12AD1C300B4C0079CE4C /* Main.storyboard */; };
		99AC12B11C300B4C0079CE4C /* Assets.xcassets in Resources */ = {isa = PBXBuildFile; fileRef = 99AC12B01C300B4C0079CE4C /* Assets.xcassets */; };
		99AC12B41C300B4C0079CE4C /* LaunchScreen.storyboard in Resources */ = {isa = PBXBuildFile; fileRef = 99AC12B21C300B4C0079CE4C /* LaunchScreen.storyboard */; };
		99AC12BF1C300B4C0079CE4C /* LSLColorPikerDemoTests.m in Sources */ = {isa = PBXBuildFile; fileRef = 99AC12BE1C300B4C0079CE4C /* LSLColorPikerDemoTests.m */; };
		99AC12CA1C300B4C0079CE4C /* LSLColorPikerDemoUITests.m in Sources */ = {isa = PBXBuildFile; fileRef = 99AC12C91C300B4C0079CE4C /* LSLColorPikerDemoUITests.m */; };
		99FA5E381DE05D79001D11D8 /* LSLHSBColorPickerView.m in Sources */ = {isa = PBXBuildFile; fileRef = 99FA5E371DE05D79001D11D8 /* LSLHSBColorPickerView.m */; };
/* End PBXBuildFile section */

/* Begin PBXContainerItemProxy section */
		99AC12BB1C300B4C0079CE4C /* PBXContainerItemProxy */ = {
			isa = PBXContainerItemProxy;
			containerPortal = 99AC12991C300B4C0079CE4C /* Project object */;
			proxyType = 1;
			remoteGlobalIDString = 99AC12A01C300B4C0079CE4C;
			remoteInfo = LSLColorPikerDemo;
		};
		99AC12C61C300B4C0079CE4C /* PBXContainerItemProxy */ = {
			isa = PBXContainerItemProxy;
			containerPortal = 99AC12991C300B4C0079CE4C /* Project object */;
			proxyType = 1;
			remoteGlobalIDString = 99AC12A01C300B4C0079CE4C;
			remoteInfo = LSLColorPikerDemo;
		};
/* End PBXContainerItemProxy section */

/* Begin PBXFileReference section */
		99AC12A11C300B4C0079CE4C /* LSLColorPickerDemo.app */ = {isa = PBXFileReference; explicitFileType = wrapper.application; includeInIndex = 0; path = LSLColorPickerDemo.app; sourceTree = BUILT_PRODUCTS_DIR; };
		99AC12A51C300B4C0079CE4C /* main.m */ = {isa = PBXFileReference; lastKnownFileType = sourcecode.c.objc; path = main.m; sourceTree = "<group>"; };
		99AC12A71C300B4C0079CE4C /* AppDelegate.h */ = {isa = PBXFileReference; lastKnownFileType = sourcecode.c.h; path = AppDelegate.h; sourceTree = "<group>"; };
		99AC12A81C300B4C0079CE4C /* AppDelegate.m */ = {isa = PBXFileReference; lastKnownFileType = sourcecode.c.objc; path = AppDelegate.m; sourceTree = "<group>"; };
		99AC12AA1C300B4C0079CE4C /* ViewController.h */ = {isa = PBXFileReference; lastKnownFileType = sourcecode.c.h; path = ViewController.h; sourceTree = "<group>"; };
		99AC12AB1C300B4C0079CE4C /* ViewController.m */ = {isa = PBXFileReference; lastKnownFileType = sourcecode.c.objc; path = ViewController.m; sourceTree = "<group>"; };
		99AC12AE1C300B4C0079CE4C /* Base */ = {isa = PBXFileReference; lastKnownFileType = file.storyboard; name = Base; path = Base.lproj/Main.storyboard; sourceTree = "<group>"; };
		99AC12B01C300B4C0079CE4C /* Assets.xcassets */ = {isa = PBXFileReference; lastKnownFileType = folder.assetcatalog; path = Assets.xcassets; sourceTree = "<group>"; };
		99AC12B31C300B4C0079CE4C /* Base */ = {isa = PBXFileReference; lastKnownFileType = file.storyboard; name = Base; path = Base.lproj/LaunchScreen.storyboard; sourceTree = "<group>"; };
		99AC12B51C300B4C0079CE4C /* Info.plist */ = {isa = PBXFileReference; lastKnownFileType = text.plist.xml; path = Info.plist; sourceTree = "<group>"; };
		99AC12BA1C300B4C0079CE4C /* LSLColorPickerDemoTests.xctest */ = {isa = PBXFileReference; explicitFileType = wrapper.cfbundle; includeInIndex = 0; path = LSLColorPickerDemoTests.xctest; sourceTree = BUILT_PRODUCTS_DIR; };
		99AC12BE1C300B4C0079CE4C /* LSLColorPikerDemoTests.m */ = {isa = PBXFileReference; lastKnownFileType = sourcecode.c.objc; path = LSLColorPikerDemoTests.m; sourceTree = "<group>"; };
		99AC12C01C300B4C0079CE4C /* Info.plist */ = {isa = PBXFileReference; lastKnownFileType = text.plist.xml; path = Info.plist; sourceTree = "<group>"; };
		99AC12C51C300B4C0079CE4C /* LSLColorPickerDemoUITests.xctest */ = {isa = PBXFileReference; explicitFileType = wrapper.cfbundle; includeInIndex = 0; path = LSLColorPickerDemoUITests.xctest; sourceTree = BUILT_PRODUCTS_DIR; };
		99AC12C91C300B4C0079CE4C /* LSLColorPikerDemoUITests.m */ = {isa = PBXFileReference; lastKnownFileType = sourcecode.c.objc; path = LSLColorPikerDemoUITests.m; sourceTree = "<group>"; };
		99AC12CB1C300B4C0079CE4C /* Info.plist */ = {isa = PBXFileReference; lastKnownFileType = text.plist.xml; path = Info.plist; sourceTree = "<group>"; };
		99FA5E361DE05D79001D11D8 /* LSLHSBColorPickerView.h */ = {isa = PBXFileReference; fileEncoding = 4; lastKnownFileType = sourcecode.c.h; path = LSLHSBColorPickerView.h; sourceTree = "<group>"; };
		99FA5E371DE05D79001D11D8 /* LSLHSBColorPickerView.m */ = {isa = PBXFileReference; fileEncoding = 4; lastKnownFileType = sourcecode.c.objc; path = LSLHSBColorPickerView.m; sourceTree = "<group>"; };
/* End PBXFileReference section */

/* Begin PBXFrameworksBuildPhase section */
		99AC129E1C300B4C0079CE4C /* Frameworks */ = {
			isa = PBXFrameworksBuildPhase;
			buildActionMask = 2147483647;
			files = (
			);
			runOnlyForDeploymentPostprocessing = 0;
		};
		99AC12B71C300B4C0079CE4C /* Frameworks */ = {
			isa = PBXFrameworksBuildPhase;
			buildActionMask = 2147483647;
			files = (
			);
			runOnlyForDeploymentPostprocessing = 0;
		};
		99AC12C21C300B4C0079CE4C /* Frameworks */ = {
			isa = PBXFrameworksBuildPhase;
			buildActionMask = 2147483647;
			files = (
			);
			runOnlyForDeploymentPostprocessing = 0;
		};
/* End PBXFrameworksBuildPhase section */

/* Begin PBXGroup section */
		99AC12981C300B4C0079CE4C = {
			isa = PBXGroup;
			children = (
				99AC12EA1C300BA50079CE4C /* ColorPickerClass */,
				99AC12A31C300B4C0079CE4C /* LSLColorPickerDemo */,
				99AC12BD1C300B4C0079CE4C /* LSLColorPickerDemoTests */,
				99AC12C81C300B4C0079CE4C /* LSLColorPickerDemoUITests */,
				99AC12A21C300B4C0079CE4C /* Products */,
			);
			sourceTree = "<group>";
		};
		99AC12A21C300B4C0079CE4C /* Products */ = {
			isa = PBXGroup;
			children = (
				99AC12A11C300B4C0079CE4C /* LSLColorPickerDemo.app */,
				99AC12BA1C300B4C0079CE4C /* LSLColorPickerDemoTests.xctest */,
				99AC12C51C300B4C0079CE4C /* LSLColorPickerDemoUITests.xctest */,
			);
			name = Products;
			sourceTree = "<group>";
		};
		99AC12A31C300B4C0079CE4C /* LSLColorPickerDemo */ = {
			isa = PBXGroup;
			children = (
				99AC12A71C300B4C0079CE4C /* AppDelegate.h */,
				99AC12A81C300B4C0079CE4C /* AppDelegate.m */,
				99AC12AA1C300B4C0079CE4C /* ViewController.h */,
				99AC12AB1C300B4C0079CE4C /* ViewController.m */,
				99AC12AD1C300B4C0079CE4C /* Main.storyboard */,
				99AC12B01C300B4C0079CE4C /* Assets.xcassets */,
				99AC12B21C300B4C0079CE4C /* LaunchScreen.storyboard */,
				99AC12B51C300B4C0079CE4C /* Info.plist */,
				99AC12A41C300B4C0079CE4C /* Supporting Files */,
			);
			name = LSLColorPickerDemo;
			path = LSLColorPikerDemo;
			sourceTree = "<group>";
		};
		99AC12A41C300B4C0079CE4C /* Supporting Files */ = {
			isa = PBXGroup;
			children = (
				99AC12A51C300B4C0079CE4C /* main.m */,
			);
			name = "Supporting Files";
			sourceTree = "<group>";
		};
		99AC12BD1C300B4C0079CE4C /* LSLColorPickerDemoTests */ = {
			isa = PBXGroup;
			children = (
				99AC12BE1C300B4C0079CE4C /* LSLColorPikerDemoTests.m */,
				99AC12C01C300B4C0079CE4C /* Info.plist */,
			);
			name = LSLColorPickerDemoTests;
			path = LSLColorPikerDemoTests;
			sourceTree = "<group>";
		};
		99AC12C81C300B4C0079CE4C /* LSLColorPickerDemoUITests */ = {
			isa = PBXGroup;
			children = (
				99AC12C91C300B4C0079CE4C /* LSLColorPikerDemoUITests.m */,
				99AC12CB1C300B4C0079CE4C /* Info.plist */,
			);
			name = LSLColorPickerDemoUITests;
			path = LSLColorPikerDemoUITests;
			sourceTree = "<group>";
		};
		99AC12EA1C300BA50079CE4C /* ColorPickerClass */ = {
			isa = PBXGroup;
			children = (
				99FA5E361DE05D79001D11D8 /* LSLHSBColorPickerView.h */,
				99FA5E371DE05D79001D11D8 /* LSLHSBColorPickerView.m */,
			);
			path = ColorPickerClass;
			sourceTree = "<group>";
		};
/* End PBXGroup section */

/* Begin PBXNativeTarget section */
		99AC12A01C300B4C0079CE4C /* LSLColorPickerDemo */ = {
			isa = PBXNativeTarget;
			buildConfigurationList = 99AC12CE1C300B4C0079CE4C /* Build configuration list for PBXNativeTarget "LSLColorPickerDemo" */;
			buildPhases = (
				99AC129D1C300B4C0079CE4C /* Sources */,
				99AC129E1C300B4C0079CE4C /* Frameworks */,
				99AC129F1C300B4C0079CE4C /* Resources */,
			);
			buildRules = (
			);
			dependencies = (
			);
			name = LSLColorPickerDemo;
			productName = LSLColorPikerDemo;
			productReference = 99AC12A11C300B4C0079CE4C /* LSLColorPickerDemo.app */;
			productType = "com.apple.product-type.application";
		};
		99AC12B91C300B4C0079CE4C /* LSLColorPickerDemoTests */ = {
			isa = PBXNativeTarget;
			buildConfigurationList = 99AC12D11C300B4C0079CE4C /* Build configuration list for PBXNativeTarget "LSLColorPickerDemoTests" */;
			buildPhases = (
				99AC12B61C300B4C0079CE4C /* Sources */,
				99AC12B71C300B4C0079CE4C /* Frameworks */,
				99AC12B81C300B4C0079CE4C /* Resources */,
			);
			buildRules = (
			);
			dependencies = (
				99AC12BC1C300B4C0079CE4C /* PBXTargetDependency */,
			);
			name = LSLColorPickerDemoTests;
			productName = LSLColorPikerDemoTests;
			productReference = 99AC12BA1C300B4C0079CE4C /* LSLColorPickerDemoTests.xctest */;
			productType = "com.apple.product-type.bundle.unit-test";
		};
		99AC12C41C300B4C0079CE4C /* LSLColorPickerDemoUITests */ = {
			isa = PBXNativeTarget;
			buildConfigurationList = 99AC12D41C300B4C0079CE4C /* Build configuration list for PBXNativeTarget "LSLColorPickerDemoUITests" */;
			buildPhases = (
				99AC12C11C300B4C0079CE4C /* Sources */,
				99AC12C21C300B4C0079CE4C /* Frameworks */,
				99AC12C31C300B4C0079CE4C /* Resources */,
			);
			buildRules = (
			);
			dependencies = (
				99AC12C71C300B4C0079CE4C /* PBXTargetDependency */,
			);
			name = LSLColorPickerDemoUITests;
			productName = LSLColorPikerDemoUITests;
			productReference = 99AC12C51C300B4C0079CE4C /* LSLColorPickerDemoUITests.xctest */;
			productType = "com.apple.product-type.bundle.ui-testing";
		};
/* End PBXNativeTarget section */

/* Begin PBXProject section */
		99AC12991C300B4C0079CE4C /* Project object */ = {
			isa = PBXProject;
			attributes = {
				LastUpgradeCheck = 0720;
				ORGANIZATIONNAME = longshao;
				TargetAttributes = {
					99AC12A01C300B4C0079CE4C = {
						CreatedOnToolsVersion = 7.2;
						DevelopmentTeam = HBBKUSRZMD;
					};
					99AC12B91C300B4C0079CE4C = {
						CreatedOnToolsVersion = 7.2;
						TestTargetID = 99AC12A01C300B4C0079CE4C;
					};
					99AC12C41C300B4C0079CE4C = {
						CreatedOnToolsVersion = 7.2;
						TestTargetID = 99AC12A01C300B4C0079CE4C;
					};
				};
			};
			buildConfigurationList = 99AC129C1C300B4C0079CE4C /* Build configuration list for PBXProject "LSLColorPickerDemo" */;
			compatibilityVersion = "Xcode 3.2";
			developmentRegion = English;
			hasScannedForEncodings = 0;
			knownRegions = (
				en,
				Base,
			);
			mainGroup = 99AC12981C300B4C0079CE4C;
			productRefGroup = 99AC12A21C300B4C0079CE4C /* Products */;
			projectDirPath = "";
			projectRoot = "";
			targets = (
				99AC12A01C300B4C0079CE4C /* LSLColorPickerDemo */,
				99AC12B91C300B4C0079CE4C /* LSLColorPickerDemoTests */,
				99AC12C41C300B4C0079CE4C /* LSLColorPickerDemoUITests */,
			);
		};
/* End PBXProject section */

/* Begin PBXResourcesBuildPhase section */
		99AC129F1C300B4C0079CE4C /* Resources */ = {
			isa = PBXResourcesBuildPhase;
			buildActionMask = 2147483647;
			files = (
				99AC12B41C300B4C0079CE4C /* LaunchScreen.storyboard in Resources */,
				99AC12B11C300B4C0079CE4C /* Assets.xcassets in Resources */,
				99AC12AF1C300B4C0079CE4C /* Main.storyboard in Resources */,
			);
			runOnlyForDeploymentPostprocessing = 0;
		};
		99AC12B81C300B4C0079CE4C /* Resources */ = {
			isa = PBXResourcesBuildPhase;
			buildActionMask = 2147483647;
			files = (
			);
			runOnlyForDeploymentPostprocessing = 0;
		};
		99AC12C31C300B4C0079CE4C /* Resources */ = {
			isa = PBXResourcesBuildPhase;
			buildActionMask = 2147483647;
			files = (
			);
			runOnlyForDeploymentPostprocessing = 0;
		};
/* End PBXResourcesBuildPhase section */

/* Begin PBXSourcesBuildPhase section */
		99AC129D1C300B4C0079CE4C /* Sources */ = {
			isa = PBXSourcesBuildPhase;
			buildActionMask = 2147483647;
			files = (
				99AC12AC1C300B4C0079CE4C /* ViewController.m in Sources */,
				99AC12A91C300B4C0079CE4C /* AppDelegate.m in Sources */,
				99FA5E381DE05D79001D11D8 /* LSLHSBColorPickerView.m in Sources */,
				99AC12A61C300B4C0079CE4C /* main.m in Sources */,
			);
			runOnlyForDeploymentPostprocessing = 0;
		};
		99AC12B61C300B4C0079CE4C /* Sources */ = {
			isa = PBXSourcesBuildPhase;
			buildActionMask = 2147483647;
			files = (
				99AC12BF1C300B4C0079CE4C /* LSLColorPikerDemoTests.m in Sources */,
			);
			runOnlyForDeploymentPostprocessing = 0;
		};
		99AC12C11C300B4C0079CE4C /* Sources */ = {
			isa = PBXSourcesBuildPhase;
			buildActionMask = 2147483647;
			files = (
				99AC12CA1C300B4C0079CE4C /* LSLColorPikerDemoUITests.m in Sources */,
			);
			runOnlyForDeploymentPostprocessing = 0;
		};
/* End PBXSourcesBuildPhase section */

/* Begin PBXTargetDependency section */
		99AC12BC1C300B4C0079CE4C /* PBXTargetDependency */ = {
			isa = PBXTargetDependency;
			target = 99AC12A01C300B4C0079CE4C /* LSLColorPickerDemo */;
			targetProxy = 99AC12BB1C300B4C0079CE4C /* PBXContainerItemProxy */;
		};
		99AC12C71C300B4C0079CE4C /* PBXTargetDependency */ = {
			isa = PBXTargetDependency;
			target = 99AC12A01C300B4C0079CE4C /* LSLColorPickerDemo */;
			targetProxy = 99AC12C61C300B4C0079CE4C /* PBXContainerItemProxy */;
		};
/* End PBXTargetDependency section */

/* Begin PBXVariantGroup section */
		99AC12AD1C300B4C0079CE4C /* Main.storyboard */ = {
			isa = PBXVariantGroup;
			children = (
				99AC12AE1C300B4C0079CE4C /* Base */,
			);
			name = Main.storyboard;
			sourceTree = "<group>";
		};
		99AC12B21C300B4C0079CE4C /* LaunchScreen.storyboard */ = {
			isa = PBXVariantGroup;
			children = (
				99AC12B31C300B4C0079CE4C /* Base */,
			);
			name = LaunchScreen.storyboard;
			sourceTree = "<group>";
		};
/* End PBXVariantGroup section */

/* Begin XCBuildConfiguration section */
		99AC12CC1C300B4C0079CE4C /* Debug */ = {
			isa = XCBuildConfiguration;
			buildSettings = {
				ALWAYS_SEARCH_USER_PATHS = NO;
				CLANG_CXX_LANGUAGE_STANDARD = "gnu++0x";
				CLANG_CXX_LIBRARY = "libc++";
				CLANG_ENABLE_MODULES = YES;
				CLANG_ENABLE_OBJC_ARC = YES;
				CLANG_WARN_BOOL_CONVERSION = YES;
				CLANG_WARN_CONSTANT_CONVERSION = YES;
				CLANG_WARN_DIRECT_OBJC_ISA_USAGE = YES_ERROR;
				CLANG_WARN_EMPTY_BODY = YES;
				CLANG_WARN_ENUM_CONVERSION = YES;
				CLANG_WARN_INT_CONVERSION = YES;
				CLANG_WARN_OBJC_ROOT_CLASS = YES_ERROR;
				CLANG_WARN_UNREACHABLE_CODE = YES;
				CLANG_WARN__DUPLICATE_METHOD_MATCH = YES;
				"CODE_SIGN_IDENTITY[sdk=iphoneos*]" = "iPhone Developer";
				COPY_PHASE_STRIP = NO;
				DEBUG_INFORMATION_FORMAT = dwarf;
				ENABLE_STRICT_OBJC_MSGSEND = YES;
				ENABLE_TESTABILITY = YES;
				GCC_C_LANGUAGE_STANDARD = gnu99;
				GCC_DYNAMIC_NO_PIC = NO;
				GCC_NO_COMMON_BLOCKS = YES;
				GCC_OPTIMIZATION_LEVEL = 0;
				GCC_PREPROCESSOR_DEFINITIONS = (
					"DEBUG=1",
					"$(inherited)",
				);
				GCC_WARN_64_TO_32_BIT_CONVERSION = YES;
				GCC_WARN_ABOUT_RETURN_TYPE = YES_ERROR;
				GCC_WARN_UNDECLARED_SELECTOR = YES;
				GCC_WARN_UNINITIALIZED_AUTOS = YES_AGGRESSIVE;
				GCC_WARN_UNUSED_FUNCTION = YES;
				GCC_WARN_UNUSED_VARIABLE = YES;
				IPHONEOS_DEPLOYMENT_TARGET = 9.2;
				MTL_ENABLE_DEBUG_INFO = YES;
				ONLY_ACTIVE_ARCH = YES;
				SDKROOT = iphoneos;
			};
			name = Debug;
		};
		99AC12CD1C300B4C0079CE4C /* Release */ = {
			isa = XCBuildConfiguration;
			buildSettings = {
				ALWAYS_SEARCH_USER_PATHS = NO;
				CLANG_CXX_LANGUAGE_STANDARD = "gnu++0x";
				CLANG_CXX_LIBRARY = "libc++";
				CLANG_ENABLE_MODULES = YES;
				CLANG_ENABLE_OBJC_ARC = YES;
				CLANG_WARN_BOOL_CONVERSION = YES;
				CLANG_WARN_CONSTANT_CONVERSION = YES;
				CLANG_WARN_DIRECT_OBJC_ISA_USAGE = YES_ERROR;
				CLANG_WARN_EMPTY_BODY = YES;
				CLANG_WARN_ENUM_CONVERSION = YES;
				CLANG_WARN_INT_CONVERSION = YES;
				CLANG_WARN_OBJC_ROOT_CLASS = YES_ERROR;
				CLANG_WARN_UNREACHABLE_CODE = YES;
				CLANG_WARN__DUPLICATE_METHOD_MATCH = YES;
				"CODE_SIGN_IDENTITY[sdk=iphoneos*]" = "iPhone Developer";
				COPY_PHASE_STRIP = NO;
				DEBUG_INFORMATION_FORMAT = "dwarf-with-dsym";
				ENABLE_NS_ASSERTIONS = NO;
				ENABLE_STRICT_OBJC_MSGSEND = YES;
				GCC_C_LANGUAGE_STANDARD = gnu99;
				GCC_NO_COMMON_BLOCKS = YES;
				GCC_WARN_64_TO_32_BIT_CONVERSION = YES;
				GCC_WARN_ABOUT_RETURN_TYPE = YES_ERROR;
				GCC_WARN_UNDECLARED_SELECTOR = YES;
				GCC_WARN_UNINITIALIZED_AUTOS = YES_AGGRESSIVE;
				GCC_WARN_UNUSED_FUNCTION = YES;
				GCC_WARN_UNUSED_VARIABLE = YES;
				IPHONEOS_DEPLOYMENT_TARGET = 9.2;
				MTL_ENABLE_DEBUG_INFO = NO;
				SDKROOT = iphoneos;
				VALIDATE_PRODUCT = YES;
			};
			name = Release;
		};
		99AC12CF1C300B4C0079CE4C /* Debug */ = {
			isa = XCBuildConfiguration;
			buildSettings = {
				ASSETCATALOG_COMPILER_APPICON_NAME = AppIcon;
				DEVELOPMENT_TEAM = HBBKUSRZMD;
				INFOPLIST_FILE = LSLColorPikerDemo/Info.plist;
				IPHONEOS_DEPLOYMENT_TARGET = 9.0;
				LD_RUNPATH_SEARCH_PATHS = "$(inherited) @executable_path/Frameworks";
				PRODUCT_BUNDLE_IDENTIFIER = com.longshao.LSLColorPikerDemo;
				PRODUCT_NAME = "$(TARGET_NAME)";
			};
			name = Debug;
		};
		99AC12D01C300B4C0079CE4C /* Release */ = {
			isa = XCBuildConfiguration;
			buildSettings = {
				ASSETCATALOG_COMPILER_APPICON_NAME = AppIcon;
				DEVELOPMENT_TEAM = HBBKUSRZMD;
				INFOPLIST_FILE = LSLColorPikerDemo/Info.plist;
				IPHONEOS_DEPLOYMENT_TARGET = 9.0;
				LD_RUNPATH_SEARCH_PATHS = "$(inherited) @executable_path/Frameworks";
				PRODUCT_BUNDLE_IDENTIFIER = com.longshao.LSLColorPikerDemo;
				PRODUCT_NAME = "$(TARGET_NAME)";
			};
			name = Release;
		};
		99AC12D21C300B4C0079CE4C /* Debug */ = {
			isa = XCBuildConfiguration;
			buildSettings = {
				BUNDLE_LOADER = "$(TEST_HOST)";
				INFOPLIST_FILE = LSLColorPikerDemoTests/Info.plist;
				LD_RUNPATH_SEARCH_PATHS = "$(inherited) @executable_path/Frameworks @loader_path/Frameworks";
				PRODUCT_BUNDLE_IDENTIFIER = com.longshao.LSLColorPikerDemoTests;
				PRODUCT_NAME = "$(TARGET_NAME)";
				TEST_HOST = "$(BUILT_PRODUCTS_DIR)/LSLColorPickerDemo.app/LSLColorPickerDemo";
			};
			name = Debug;
		};
		99AC12D31C300B4C0079CE4C /* Release */ = {
			isa = XCBuildConfiguration;
			buildSettings = {
				BUNDLE_LOADER = "$(TEST_HOST)";
				INFOPLIST_FILE = LSLColorPikerDemoTests/Info.plist;
				LD_RUNPATH_SEARCH_PATHS = "$(inherited) @executable_path/Frameworks @loader_path/Frameworks";
				PRODUCT_BUNDLE_IDENTIFIER = com.longshao.LSLColorPikerDemoTests;
				PRODUCT_NAME = "$(TARGET_NAME)";
				TEST_HOST = "$(BUILT_PRODUCTS_DIR)/LSLColorPickerDemo.app/LSLColorPickerDemo";
			};
			name = Release;
		};
		99AC12D51C300B4C0079CE4C /* Debug */ = {
			isa = XCBuildConfiguration;
			buildSettings = {
				INFOPLIST_FILE = LSLColorPikerDemoUITests/Info.plist;
				LD_RUNPATH_SEARCH_PATHS = "$(inherited) @executable_path/Frameworks @loader_path/Frameworks";
				PRODUCT_BUNDLE_IDENTIFIER = com.longshao.LSLColorPikerDemoUITests;
				PRODUCT_NAME = "$(TARGET_NAME)";
				TEST_TARGET_NAME = LSLColorPikerDemo;
				USES_XCTRUNNER = YES;
			};
			name = Debug;
		};
		99AC12D61C300B4C0079CE4C /* Release */ = {
			isa = XCBuildConfiguration;
			buildSettings = {
				INFOPLIST_FILE = LSLColorPikerDemoUITests/Info.plist;
				LD_RUNPATH_SEARCH_PATHS = "$(inherited) @executable_path/Frameworks @loader_path/Frameworks";
				PRODUCT_BUNDLE_IDENTIFIER = com.longshao.LSLColorPikerDemoUITests;
				PRODUCT_NAME = "$(TARGET_NAME)";
				TEST_TARGET_NAME = LSLColorPikerDemo;
				USES_XCTRUNNER = YES;
			};
			name = Release;
		};
/* End XCBuildConfiguration section */

/* Begin XCConfigurationList section */
		99AC129C1C300B4C0079CE4C /* Build configuration list for PBXProject "LSLColorPickerDemo" */ = {
			isa = XCConfigurationList;
			buildConfigurations = (
				99AC12CC1C300B4C0079CE4C /* Debug */,
				99AC12CD1C300B4C0079CE4C /* Release */,
			);
			defaultConfigurationIsVisible = 0;
			defaultConfigurationName = Release;
		};
		99AC12CE1C300B4C0079CE4C /* Build configuration list for PBXNativeTarget "LSLColorPickerDemo" */ = {
			isa = XCConfigurationList;
			buildConfigurations = (
				99AC12CF1C300B4C0079CE4C /* Debug */,
				99AC12D01C300B4C0079CE4C /* Release */,
			);
			defaultConfigurationIsVisible = 0;
			defaultConfigurationName = Release;
		};
		99AC12D11C300B4C0079CE4C /* Build configuration list for PBXNativeTarget "LSLColorPickerDemoTests" */ = {
			isa = XCConfigurationList;
			buildConfigurations = (
				99AC12D21C300B4C0079CE4C /* Debug */,
				99AC12D31C300B4C0079CE4C /* Release */,
			);
			defaultConfigurationIsVisible = 0;
			defaultConfigurationName = Release;
		};
		99AC12D41C300B4C0079CE4C /* Build configuration list for PBXNativeTarget "LSLColorPickerDemoUITests" */ = {
			isa = XCConfigurationList;
			buildConfigurations = (
				99AC12D51C300B4C0079CE4C /* Debug */,
				99AC12D61C300B4C0079CE4C /* Release */,
			);
			defaultConfigurationIsVisible = 0;
			defaultConfigurationName = Release;
		};
/* End XCConfigurationList section */
	};
	rootObject = 99AC12991C300B4C0079CE4C /* Project object */;
}
